
Microsoft Visual Studio Solution File, Format Version 12.00
# Visual Studio Version 17
VisualStudioVersion = 17.10.34916.146
MinimumVisualStudioVersion = 10.0.40219.1
Project("{9A19103F-16F7-4668-BE54-9A1E7A4F7556}") = "SampleWebApi", "SampleWebApi\SampleWebApi.csproj", "{00907408-DE9D-4F0E-94CE-70440ABDA583}"
EndProject
Project("{FAE04EC0-301F-11D3-BF4B-00C04F79EFBC}") = "SampleWebApiDto", "SampleWebApiDto\SampleWebApiDto.csproj", "{FB3168EF-A960-4CEF-AE49-4690E667108E}"
EndProject
Global
	GlobalSection(SolutionConfigurationPlatforms) = preSolution
		Debug|Any CPU = Debug|Any CPU
		Release|Any CPU = Release|Any CPU
	EndGlobalSection
	GlobalSection(ProjectConfigurationPlatforms) = postSolution
		{00907408-DE9D-4F0E-94CE-70440ABDA583}.Debug|Any CPU.ActiveCfg = Debug|Any CPU
		{00907408-DE9D-4F0E-94CE-70440ABDA583}.Debug|Any CPU.Build.0 = Debug|Any CPU
		{00907408-DE9D-4F0E-94CE-70440ABDA583}.Release|Any CPU.ActiveCfg = Release|Any CPU
		{00907408-DE9D-4F0E-94CE-70440ABDA583}.Release|Any CPU.Build.0 = Release|Any CPU
		{FB3168EF-A960-4CEF-AE49-4690E667108E}.Debug|Any CPU.ActiveCfg = Debug|Any CPU
		{FB3168EF-A960-4CEF-AE49-4690E667108E}.Debug|Any CPU.Build.0 = Debug|Any CPU
		{FB3168EF-A960-4CEF-AE49-4690E667108E}.Release|Any CPU.ActiveCfg = Release|Any CPU
		{FB3168EF-A960-4CEF-AE49-4690E667108E}.Release|Any CPU.Build.0 = Release|Any CPU
	EndGlobalSection
	GlobalSection(SolutionProperties) = preSolution
		HideSolutionNode = FALSE
	EndGlobalSection
	GlobalSection(ExtensibilityGlobals) = postSolution
		SolutionGuid = {BAA89239-4869-4182-8D64-9CB46A5ED13B}
	EndGlobalSection
EndGlobal
